// !$*UTF8*$!
{
	archiveVersion = 1;
	classes = {
	};
	objectVersion = 46;
	objects = {

/* Begin PBXBuildFile section */
		EB07B5AD1E45C4F0004C1A2D /* Messages.framework in Frameworks */ = {isa = PBXBuildFile; fileRef = EB07B5AC1E45C4F0004C1A2D /* Messages.framework */; };
		EB3064D61DE99E47002BA1FC /* MessageUI.framework in Frameworks */ = {isa = PBXBuildFile; fileRef = EB3064D51DE99E47002BA1FC /* MessageUI.framework */; };
		EB3064D81DEAFCC6002BA1FC /* AddInformationViewController.swift in Sources */ = {isa = PBXBuildFile; fileRef = EB3064D71DEAFCC6002BA1FC /* AddInformationViewController.swift */; };
		EB54C3B01DE9516600E4B204 /* AppDelegate.swift in Sources */ = {isa = PBXBuildFile; fileRef = EB54C3AF1DE9516600E4B204 /* AppDelegate.swift */; };
		EB54C3B21DE9516600E4B204 /* ViewController.swift in Sources */ = {isa = PBXBuildFile; fileRef = EB54C3B11DE9516600E4B204 /* ViewController.swift */; };
		EB54C3B51DE9516600E4B204 /* Main.storyboard in Resources */ = {isa = PBXBuildFile; fileRef = EB54C3B31DE9516600E4B204 /* Main.storyboard */; };
		EB54C3B71DE9516600E4B204 /* Assets.xcassets in Resources */ = {isa = PBXBuildFile; fileRef = EB54C3B61DE9516600E4B204 /* Assets.xcassets */; };
		EB54C3BA1DE9516600E4B204 /* LaunchScreen.storyboard in Resources */ = {isa = PBXBuildFile; fileRef = EB54C3B81DE9516600E4B204 /* LaunchScreen.storyboard */; };
		EB54C3C51DE9516600E4B204 /* prototypeTests.swift in Sources */ = {isa = PBXBuildFile; fileRef = EB54C3C41DE9516600E4B204 /* prototypeTests.swift */; };
		EB54C3D01DE9516600E4B204 /* prototypeUITests.swift in Sources */ = {isa = PBXBuildFile; fileRef = EB54C3CF1DE9516600E4B204 /* prototypeUITests.swift */; };
		EBFDC4A21EBDBAA500BD9804 /* Add2ViewController.swift in Sources */ = {isa = PBXBuildFile; fileRef = EBFDC4A11EBDBAA500BD9804 /* Add2ViewController.swift */; };
		EBFDC4A81EBDE17F00BD9804 /* icon_000011_32.png in Resources */ = {isa = PBXBuildFile; fileRef = EBFDC4A71EBDE17F00BD9804 /* icon_000011_32.png */; };
/* End PBXBuildFile section */

/* Begin PBXContainerItemProxy section */
		EB54C3C11DE9516600E4B204 /* PBXContainerItemProxy */ = {
			isa = PBXContainerItemProxy;
			containerPortal = EB54C3A41DE9516600E4B204 /* Project object */;
			proxyType = 1;
			remoteGlobalIDString = EB54C3AB1DE9516600E4B204;
			remoteInfo = prototype;
		};
		EB54C3CC1DE9516600E4B204 /* PBXContainerItemProxy */ = {
			isa = PBXContainerItemProxy;
			containerPortal = EB54C3A41DE9516600E4B204 /* Project object */;
			proxyType = 1;
			remoteGlobalIDString = EB54C3AB1DE9516600E4B204;
			remoteInfo = prototype;
		};
/* End PBXContainerItemProxy section */

/* Begin PBXFileReference section */
		EB07B5AC1E45C4F0004C1A2D /* Messages.framework */ = {isa = PBXFileReference; lastKnownFileType = wrapper.framework; name = Messages.framework; path = System/Library/Frameworks/Messages.framework; sourceTree = SDKROOT; };
		EB3064D51DE99E47002BA1FC /* MessageUI.framework */ = {isa = PBXFileReference; lastKnownFileType = wrapper.framework; name = MessageUI.framework; path = System/Library/Frameworks/MessageUI.framework; sourceTree = SDKROOT; };
		EB3064D71DEAFCC6002BA1FC /* AddInformationViewController.swift */ = {isa = PBXFileReference; fileEncoding = 4; lastKnownFileType = sourcecode.swift; path = AddInformationViewController.swift; sourceTree = "<group>"; };
		EB54C3AC1DE9516600E4B204 /* prototype.app */ = {isa = PBXFileReference; explicitFileType = wrapper.application; includeInIndex = 0; path = prototype.app; sourceTree = BUILT_PRODUCTS_DIR; };
		EB54C3AF1DE9516600E4B204 /* AppDelegate.swift */ = {isa = PBXFileReference; lastKnownFileType = sourcecode.swift; path = AppDelegate.swift; sourceTree = "<group>"; };
		EB54C3B11DE9516600E4B204 /* ViewController.swift */ = {isa = PBXFileReference; lastKnownFileType = sourcecode.swift; path = ViewController.swift; sourceTree = "<group>"; };
		EB54C3B41DE9516600E4B204 /* Base */ = {isa = PBXFileReference; lastKnownFileType = file.storyboard; name = Base; path = Base.lproj/Main.storyboard; sourceTree = "<group>"; };
		EB54C3B61DE9516600E4B204 /* Assets.xcassets */ = {isa = PBXFileReference; lastKnownFileType = folder.assetcatalog; path = Assets.xcassets; sourceTree = "<group>"; };
		EB54C3B91DE9516600E4B204 /* Base */ = {isa = PBXFileReference; lastKnownFileType = file.storyboard; name = Base; path = Base.lproj/LaunchScreen.storyboard; sourceTree = "<group>"; };
		EB54C3BB1DE9516600E4B204 /* Info.plist */ = {isa = PBXFileReference; lastKnownFileType = text.plist.xml; path = Info.plist; sourceTree = "<group>"; };
		EB54C3C01DE9516600E4B204 /* prototypeTests.xctest */ = {isa = PBXFileReference; explicitFileType = wrapper.cfbundle; includeInIndex = 0; path = prototypeTests.xctest; sourceTree = BUILT_PRODUCTS_DIR; };
		EB54C3C41DE9516600E4B204 /* prototypeTests.swift */ = {isa = PBXFileReference; lastKnownFileType = sourcecode.swift; path = prototypeTests.swift; sourceTree = "<group>"; };
		EB54C3C61DE9516600E4B204 /* Info.plist */ = {isa = PBXFileReference; lastKnownFileType = text.plist.xml; path = Info.plist; sourceTree = "<group>"; };
		EB54C3CB1DE9516600E4B204 /* prototypeUITests.xctest */ = {isa = PBXFileReference; explicitFileType = wrapper.cfbundle; includeInIndex = 0; path = prototypeUITests.xctest; sourceTree = BUILT_PRODUCTS_DIR; };
		EB54C3CF1DE9516600E4B204 /* prototypeUITests.swift */ = {isa = PBXFileReference; lastKnownFileType = sourcecode.swift; path = prototypeUITests.swift; sourceTree = "<group>"; };
		EB54C3D11DE9516600E4B204 /* Info.plist */ = {isa = PBXFileReference; lastKnownFileType = text.plist.xml; path = Info.plist; sourceTree = "<group>"; };
		EBFDC4A11EBDBAA500BD9804 /* Add2ViewController.swift */ = {isa = PBXFileReference; fileEncoding = 4; lastKnownFileType = sourcecode.swift; path = Add2ViewController.swift; sourceTree = "<group>"; };
		EBFDC4A71EBDE17F00BD9804 /* icon_000011_32.png */ = {isa = PBXFileReference; lastKnownFileType = image.png; name = icon_000011_32.png; path = ../../icon_000011_32.png; sourceTree = "<group>"; };
/* End PBXFileReference section */

/* Begin PBXFrameworksBuildPhase section */
		EB54C3A91DE9516600E4B204 /* Frameworks */ = {
			isa = PBXFrameworksBuildPhase;
			buildActionMask = 2147483647;
			files = (
				EB07B5AD1E45C4F0004C1A2D /* Messages.framework in Frameworks */,
				EB3064D61DE99E47002BA1FC /* MessageUI.framework in Frameworks */,
			);
			runOnlyForDeploymentPostprocessing = 0;
		};
		EB54C3BD1DE9516600E4B204 /* Frameworks */ = {
			isa = PBXFrameworksBuildPhase;
			buildActionMask = 2147483647;
			files = (
			);
			runOnlyForDeploymentPostprocessing = 0;
		};
		EB54C3C81DE9516600E4B204 /* Frameworks */ = {
			isa = PBXFrameworksBuildPhase;
			buildActionMask = 2147483647;
			files = (
			);
			runOnlyForDeploymentPostprocessing = 0;
		};
/* End PBXFrameworksBuildPhase section */

/* Begin PBXGroup section */
		EB07B5AB1E45C4F0004C1A2D /* Frameworks */ = {
			isa = PBXGroup;
			children = (
				EB07B5AC1E45C4F0004C1A2D /* Messages.framework */,
			);
			name = Frameworks;
			sourceTree = "<group>";
		};
		EB54C3A31DE9516600E4B204 = {
			isa = PBXGroup;
			children = (
				EB3064D51DE99E47002BA1FC /* MessageUI.framework */,
				EB54C3AE1DE9516600E4B204 /* prototype */,
				EB54C3C31DE9516600E4B204 /* prototypeTests */,
				EB54C3CE1DE9516600E4B204 /* prototypeUITests */,
				EB54C3AD1DE9516600E4B204 /* Products */,
				EB07B5AB1E45C4F0004C1A2D /* Frameworks */,
			);
			sourceTree = "<group>";
		};
		EB54C3AD1DE9516600E4B204 /* Products */ = {
			isa = PBXGroup;
			children = (
				EB54C3AC1DE9516600E4B204 /* prototype.app */,
				EB54C3C01DE9516600E4B204 /* prototypeTests.xctest */,
				EB54C3CB1DE9516600E4B204 /* prototypeUITests.xctest */,
			);
			name = Products;
			sourceTree = "<group>";
		};
		EB54C3AE1DE9516600E4B204 /* prototype */ = {
			isa = PBXGroup;
			children = (
				EB54C3AF1DE9516600E4B204 /* AppDelegate.swift */,
				EB54C3B11DE9516600E4B204 /* ViewController.swift */,
				EBFDC4A71EBDE17F00BD9804 /* icon_000011_32.png */,
				EBFDC4A11EBDBAA500BD9804 /* Add2ViewController.swift */,
				EB54C3B31DE9516600E4B204 /* Main.storyboard */,
				EB54C3B61DE9516600E4B204 /* Assets.xcassets */,
				EB54C3B81DE9516600E4B204 /* LaunchScreen.storyboard */,
				EB54C3BB1DE9516600E4B204 /* Info.plist */,
				EB3064D71DEAFCC6002BA1FC /* AddInformationViewController.swift */,
			);
			path = prototype;
			sourceTree = "<group>";
		};
		EB54C3C31DE9516600E4B204 /* prototypeTests */ = {
			isa = PBXGroup;
			children = (
				EB54C3C41DE9516600E4B204 /* prototypeTests.swift */,
				EB54C3C61DE9516600E4B204 /* Info.plist */,
			);
			path = prototypeTests;
			sourceTree = "<group>";
		};
		EB54C3CE1DE9516600E4B204 /* prototypeUITests */ = {
			isa = PBXGroup;
			children = (
				EB54C3CF1DE9516600E4B204 /* prototypeUITests.swift */,
				EB54C3D11DE9516600E4B204 /* Info.plist */,
			);
			path = prototypeUITests;
			sourceTree = "<group>";
		};
/* End PBXGroup section */

/* Begin PBXNativeTarget section */
		EB54C3AB1DE9516600E4B204 /* prototype */ = {
			isa = PBXNativeTarget;
			buildConfigurationList = EB54C3D41DE9516600E4B204 /* Build configuration list for PBXNativeTarget "prototype" */;
			buildPhases = (
				EB54C3A81DE9516600E4B204 /* Sources */,
				EB54C3A91DE9516600E4B204 /* Frameworks */,
				EB54C3AA1DE9516600E4B204 /* Resources */,
			);
			buildRules = (
			);
			dependencies = (
			);
			name = prototype;
			productName = prototype;
			productReference = EB54C3AC1DE9516600E4B204 /* prototype.app */;
			productType = "com.apple.product-type.application";
		};
		EB54C3BF1DE9516600E4B204 /* prototypeTests */ = {
			isa = PBXNativeTarget;
			buildConfigurationList = EB54C3D71DE9516600E4B204 /* Build configuration list for PBXNativeTarget "prototypeTests" */;
			buildPhases = (
				EB54C3BC1DE9516600E4B204 /* Sources */,
				EB54C3BD1DE9516600E4B204 /* Frameworks */,
				EB54C3BE1DE9516600E4B204 /* Resources */,
			);
			buildRules = (
			);
			dependencies = (
				EB54C3C21DE9516600E4B204 /* PBXTargetDependency */,
			);
			name = prototypeTests;
			productName = prototypeTests;
			productReference = EB54C3C01DE9516600E4B204 /* prototypeTests.xctest */;
			productType = "com.apple.product-type.bundle.unit-test";
		};
		EB54C3CA1DE9516600E4B204 /* prototypeUITests */ = {
			isa = PBXNativeTarget;
			buildConfigurationList = EB54C3DA1DE9516600E4B204 /* Build configuration list for PBXNativeTarget "prototypeUITests" */;
			buildPhases = (
				EB54C3C71DE9516600E4B204 /* Sources */,
				EB54C3C81DE9516600E4B204 /* Frameworks */,
				EB54C3C91DE9516600E4B204 /* Resources */,
			);
			buildRules = (
			);
			dependencies = (
				EB54C3CD1DE9516600E4B204 /* PBXTargetDependency */,
			);
			name = prototypeUITests;
			productName = prototypeUITests;
			productReference = EB54C3CB1DE9516600E4B204 /* prototypeUITests.xctest */;
			productType = "com.apple.product-type.bundle.ui-testing";
		};
/* End PBXNativeTarget section */

/* Begin PBXProject section */
		EB54C3A41DE9516600E4B204 /* Project object */ = {
			isa = PBXProject;
			attributes = {
				LastSwiftUpdateCheck = 0730;
				LastUpgradeCheck = 0730;
				ORGANIZATIONNAME = "T-mochi";
				TargetAttributes = {
					EB54C3AB1DE9516600E4B204 = {
						CreatedOnToolsVersion = 7.3.1;
						DevelopmentTeam = BYAJ82GS4G;
						LastSwiftMigration = 0820;
					};
					EB54C3BF1DE9516600E4B204 = {
						CreatedOnToolsVersion = 7.3.1;
						LastSwiftMigration = 0820;
						TestTargetID = EB54C3AB1DE9516600E4B204;
					};
					EB54C3CA1DE9516600E4B204 = {
						CreatedOnToolsVersion = 7.3.1;
						LastSwiftMigration = 0820;
						TestTargetID = EB54C3AB1DE9516600E4B204;
					};
				};
			};
			buildConfigurationList = EB54C3A71DE9516600E4B204 /* Build configuration list for PBXProject "prototype" */;
			compatibilityVersion = "Xcode 3.2";
			developmentRegion = English;
			hasScannedForEncodings = 0;
			knownRegions = (
				en,
				Base,
			);
			mainGroup = EB54C3A31DE9516600E4B204;
			productRefGroup = EB54C3AD1DE9516600E4B204 /* Products */;
			projectDirPath = "";
			projectRoot = "";
			targets = (
				EB54C3AB1DE9516600E4B204 /* prototype */,
				EB54C3BF1DE9516600E4B204 /* prototypeTests */,
				EB54C3CA1DE9516600E4B204 /* prototypeUITests */,
			);
		};
/* End PBXProject section */

/* Begin PBXResourcesBuildPhase section */
		EB54C3AA1DE9516600E4B204 /* Resources */ = {
			isa = PBXResourcesBuildPhase;
			buildActionMask = 2147483647;
			files = (
				EBFDC4A81EBDE17F00BD9804 /* icon_000011_32.png in Resources */,
				EB54C3BA1DE9516600E4B204 /* LaunchScreen.storyboard in Resources */,
				EB54C3B71DE9516600E4B204 /* Assets.xcassets in Resources */,
				EB54C3B51DE9516600E4B204 /* Main.storyboard in Resources */,
			);
			runOnlyForDeploymentPostprocessing = 0;
		};
		EB54C3BE1DE9516600E4B204 /* Resources */ = {
			isa = PBXResourcesBuildPhase;
			buildActionMask = 2147483647;
			files = (
			);
			runOnlyForDeploymentPostprocessing = 0;
		};
		EB54C3C91DE9516600E4B204 /* Resources */ = {
			isa = PBXResourcesBuildPhase;
			buildActionMask = 2147483647;
			files = (
			);
			runOnlyForDeploymentPostprocessing = 0;
		};
/* End PBXResourcesBuildPhase section */

/* Begin PBXSourcesBuildPhase section */
		EB54C3A81DE9516600E4B204 /* Sources */ = {
			isa = PBXSourcesBuildPhase;
			buildActionMask = 2147483647;
			files = (
				EB3064D81DEAFCC6002BA1FC /* AddInformationViewController.swift in Sources */,
				EBFDC4A21EBDBAA500BD9804 /* Add2ViewController.swift in Sources */,
				EB54C3B21DE9516600E4B204 /* ViewController.swift in Sources */,
				EB54C3B01DE9516600E4B204 /* AppDelegate.swift in Sources */,
			);
			runOnlyForDeploymentPostprocessing = 0;
		};
		EB54C3BC1DE9516600E4B204 /* Sources */ = {
			isa = PBXSourcesBuildPhase;
			buildActionMask = 2147483647;
			files = (
				EB54C3C51DE9516600E4B204 /* prototypeTests.swift in Sources */,
			);
			runOnlyForDeploymentPostprocessing = 0;
		};
		EB54C3C71DE9516600E4B204 /* Sources */ = {
			isa = PBXSourcesBuildPhase;
			buildActionMask = 2147483647;
			files = (
				EB54C3D01DE9516600E4B204 /* prototypeUITests.swift in Sources */,
			);
			runOnlyForDeploymentPostprocessing = 0;
		};
/* End PBXSourcesBuildPhase section */

/* Begin PBXTargetDependency section */
		EB54C3C21DE9516600E4B204 /* PBXTargetDependency */ = {
			isa = PBXTargetDependency;
			target = EB54C3AB1DE9516600E4B204 /* prototype */;
			targetProxy = EB54C3C11DE9516600E4B204 /* PBXContainerItemProxy */;
		};
		EB54C3CD1DE9516600E4B204 /* PBXTargetDependency */ = {
			isa = PBXTargetDependency;
			target = EB54C3AB1DE9516600E4B204 /* prototype */;
			targetProxy = EB54C3CC1DE9516600E4B204 /* PBXContainerItemProxy */;
		};
/* End PBXTargetDependency section */

/* Begin PBXVariantGroup section */
		EB54C3B31DE9516600E4B204 /* Main.storyboard */ = {
			isa = PBXVariantGroup;
			children = (
				EB54C3B41DE9516600E4B204 /* Base */,
			);
			name = Main.storyboard;
			sourceTree = "<group>";
		};
		EB54C3B81DE9516600E4B204 /* LaunchScreen.storyboard */ = {
			isa = PBXVariantGroup;
			children = (
				EB54C3B91DE9516600E4B204 /* Base */,
			);
			name = LaunchScreen.storyboard;
			sourceTree = "<group>";
		};
/* End PBXVariantGroup section */

/* Begin XCBuildConfiguration section */
		EB54C3D21DE9516600E4B204 /* Debug */ = {
			isa = XCBuildConfiguration;
			buildSettings = {
				ALWAYS_SEARCH_USER_PATHS = NO;
				CLANG_ANALYZER_NONNULL = YES;
				CLANG_CXX_LANGUAGE_STANDARD = "gnu++0x";
				CLANG_CXX_LIBRARY = "libc++";
				CLANG_ENABLE_MODULES = YES;
				CLANG_ENABLE_OBJC_ARC = YES;
				CLANG_WARN_BOOL_CONVERSION = YES;
				CLANG_WARN_CONSTANT_CONVERSION = YES;
				CLANG_WARN_DIRECT_OBJC_ISA_USAGE = YES_ERROR;
				CLANG_WARN_EMPTY_BODY = YES;
				CLANG_WARN_ENUM_CONVERSION = YES;
				CLANG_WARN_INT_CONVERSION = YES;
				CLANG_WARN_OBJC_ROOT_CLASS = YES_ERROR;
				CLANG_WARN_UNREACHABLE_CODE = YES;
				CLANG_WARN__DUPLICATE_METHOD_MATCH = YES;
				"CODE_SIGN_IDENTITY[sdk=iphoneos*]" = "iPhone Developer";
				COPY_PHASE_STRIP = NO;
				DEBUG_INFORMATION_FORMAT = dwarf;
				ENABLE_STRICT_OBJC_MSGSEND = YES;
				ENABLE_TESTABILITY = YES;
				GCC_C_LANGUAGE_STANDARD = gnu99;
				GCC_DYNAMIC_NO_PIC = NO;
				GCC_NO_COMMON_BLOCKS = YES;
				GCC_OPTIMIZATION_LEVEL = 0;
				GCC_PREPROCESSOR_DEFINITIONS = (
					"DEBUG=1",
					"$(inherited)",
				);
				GCC_WARN_64_TO_32_BIT_CONVERSION = YES;
				GCC_WARN_ABOUT_RETURN_TYPE = YES_ERROR;
				GCC_WARN_UNDECLARED_SELECTOR = YES;
				GCC_WARN_UNINITIALIZED_AUTOS = YES_AGGRESSIVE;
				GCC_WARN_UNUSED_FUNCTION = YES;
				GCC_WARN_UNUSED_VARIABLE = YES;
				IPHONEOS_DEPLOYMENT_TARGET = 9.3;
				MTL_ENABLE_DEBUG_INFO = YES;
				ONLY_ACTIVE_ARCH = YES;
				SDKROOT = iphoneos;
				SWIFT_OPTIMIZATION_LEVEL = "-Onone";
			};
			name = Debug;
		};
		EB54C3D31DE9516600E4B204 /* Release */ = {
			isa = XCBuildConfiguration;
			buildSettings = {
				ALWAYS_SEARCH_USER_PATHS = NO;
				CLANG_ANALYZER_NONNULL = YES;
				CLANG_CXX_LANGUAGE_STANDARD = "gnu++0x";
				CLANG_CXX_LIBRARY = "libc++";
				CLANG_ENABLE_MODULES = YES;
				CLANG_ENABLE_OBJC_ARC = YES;
				CLANG_WARN_BOOL_CONVERSION = YES;
				CLANG_WARN_CONSTANT_CONVERSION = YES;
				CLANG_WARN_DIRECT_OBJC_ISA_USAGE = YES_ERROR;
				CLANG_WARN_EMPTY_BODY = YES;
				CLANG_WARN_ENUM_CONVERSION = YES;
				CLANG_WARN_INT_CONVERSION = YES;
				CLANG_WARN_OBJC_ROOT_CLASS = YES_ERROR;
				CLANG_WARN_UNREACHABLE_CODE = YES;
				CLANG_WARN__DUPLICATE_METHOD_MATCH = YES;
				"CODE_SIGN_IDENTITY[sdk=iphoneos*]" = "iPhone Developer";
				COPY_PHASE_STRIP = NO;
				DEBUG_INFORMATION_FORMAT = "dwarf-with-dsym";
				ENABLE_NS_ASSERTIONS = NO;
				ENABLE_STRICT_OBJC_MSGSEND = YES;
				GCC_C_LANGUAGE_STANDARD = gnu99;
				GCC_NO_COMMON_BLOCKS = YES;
				GCC_WARN_64_TO_32_BIT_CONVERSION = YES;
				GCC_WARN_ABOUT_RETURN_TYPE = YES_ERROR;
				GCC_WARN_UNDECLARED_SELECTOR = YES;
				GCC_WARN_UNINITIALIZED_AUTOS = YES_AGGRESSIVE;
				GCC_WARN_UNUSED_FUNCTION = YES;
				GCC_WARN_UNUSED_VARIABLE = YES;
				IPHONEOS_DEPLOYMENT_TARGET = 9.3;
				MTL_ENABLE_DEBUG_INFO = NO;
				SDKROOT = iphoneos;
				VALIDATE_PRODUCT = YES;
			};
			name = Release;
		};
		EB54C3D51DE9516600E4B204 /* Debug */ = {
			isa = XCBuildConfiguration;
			buildSettings = {
				CODE_SIGN_IDENTITY = "iPhone Developer";
				"CODE_SIGN_IDENTITY[sdk=iphoneos*]" = "iPhone Developer";
				DEVELOPMENT_TEAM = BYAJ82GS4G;
				INFOPLIST_FILE = prototype/Info.plist;
				IPHONEOS_DEPLOYMENT_TARGET = 10.2;
				LD_RUNPATH_SEARCH_PATHS = "$(inherited) @executable_path/Frameworks";
				PRODUCT_BUNDLE_IDENTIFIER = com.litech.prototype;
				PRODUCT_NAME = "$(TARGET_NAME)";
				PROVISIONING_PROFILE = "";
				SWIFT_VERSION = 3.0;
				TARGETED_DEVICE_FAMILY = "1,2";
			};
			name = Debug;
		};
		EB54C3D61DE9516600E4B204 /* Release */ = {
			isa = XCBuildConfiguration;
			buildSettings = {
				CODE_SIGN_IDENTITY = "iPhone Developer";
				"CODE_SIGN_IDENTITY[sdk=iphoneos*]" = "iPhone Developer";
				DEVELOPMENT_TEAM = BYAJ82GS4G;
				INFOPLIST_FILE = prototype/Info.plist;
				IPHONEOS_DEPLOYMENT_TARGET = 10.2;
				LD_RUNPATH_SEARCH_PATHS = "$(inherited) @executable_path/Frameworks";
				PRODUCT_BUNDLE_IDENTIFIER = com.litech.prototype;
				PRODUCT_NAME = "$(TARGET_NAME)";
				PROVISIONING_PROFILE = "";
				SWIFT_VERSION = 3.0;
				TARGETED_DEVICE_FAMILY = "1,2";
			};
			name = Release;
		};
		EB54C3D81DE9516600E4B204 /* Debug */ = {
			isa = XCBuildConfiguration;
			buildSettings = {
				BUNDLE_LOADER = "$(TEST_HOST)";
				INFOPLIST_FILE = prototypeTests/Info.plist;
				LD_RUNPATH_SEARCH_PATHS = "$(inherited) @executable_path/Frameworks @loader_path/Frameworks";
				PRODUCT_BUNDLE_IDENTIFIER = com.litech.prototypeTests;
				PRODUCT_NAME = "$(TARGET_NAME)";
				SWIFT_VERSION = 3.0;
				TEST_HOST = "$(BUILT_PRODUCTS_DIR)/prototype.app/prototype";
			};
			name = Debug;
		};
		EB54C3D91DE9516600E4B204 /* Release */ = {
			isa = XCBuildConfiguration;
			buildSettings = {
				BUNDLE_LOADER = "$(TEST_HOST)";
				INFOPLIST_FILE = prototypeTests/Info.plist;
				LD_RUNPATH_SEARCH_PATHS = "$(inherited) @executable_path/Frameworks @loader_path/Frameworks";
				PRODUCT_BUNDLE_IDENTIFIER = com.litech.prototypeTests;
				PRODUCT_NAME = "$(TARGET_NAME)";
				SWIFT_VERSION = 3.0;
				TEST_HOST = "$(BUILT_PRODUCTS_DIR)/prototype.app/prototype";
			};
			name = Release;
		};
		EB54C3DB1DE9516600E4B204 /* Debug */ = {
			isa = XCBuildConfiguration;
			buildSettings = {
				INFOPLIST_FILE = prototypeUITests/Info.plist;
				LD_RUNPATH_SEARCH_PATHS = "$(inherited) @executable_path/Frameworks @loader_path/Frameworks";
				PRODUCT_BUNDLE_IDENTIFIER = com.litech.prototypeUITests;
				PRODUCT_NAME = "$(TARGET_NAME)";
				SWIFT_VERSION = 3.0;
				TEST_TARGET_NAME = prototype;
			};
			name = Debug;
		};
		EB54C3DC1DE9516600E4B204 /* Release */ = {
			isa = XCBuildConfiguration;
			buildSettings = {
				INFOPLIST_FILE = prototypeUITests/Info.plist;
				LD_RUNPATH_SEARCH_PATHS = "$(inherited) @executable_path/Frameworks @loader_path/Frameworks";
				PRODUCT_BUNDLE_IDENTIFIER = com.litech.prototypeUITests;
				PRODUCT_NAME = "$(TARGET_NAME)";
				SWIFT_VERSION = 3.0;
				TEST_TARGET_NAME = prototype;
			};
			name = Release;
		};
/* End XCBuildConfiguration section */

/* Begin XCConfigurationList section */
		EB54C3A71DE9516600E4B204 /* Build configuration list for PBXProject "prototype" */ = {
			isa = XCConfigurationList;
			buildConfigurations = (
				EB54C3D21DE9516600E4B204 /* Debug */,
				EB54C3D31DE9516600E4B204 /* Release */,
			);
			defaultConfigurationIsVisible = 0;
			defaultConfigurationName = Release;
		};
		EB54C3D41DE9516600E4B204 /* Build configuration list for PBXNativeTarget "prototype" */ = {
			isa = XCConfigurationList;
			buildConfigurations = (
				EB54C3D51DE9516600E4B204 /* Debug */,
				EB54C3D61DE9516600E4B204 /* Release */,
			);
			defaultConfigurationIsVisible = 0;
			defaultConfigurationName = Release;
		};
		EB54C3D71DE9516600E4B204 /* Build configuration list for PBXNativeTarget "prototypeTests" */ = {
			isa = XCConfigurationList;
			buildConfigurations = (
				EB54C3D81DE9516600E4B204 /* Debug */,
				EB54C3D91DE9516600E4B204 /* Release */,
			);
			defaultConfigurationIsVisible = 0;
			defaultConfigurationName = Release;
		};
		EB54C3DA1DE9516600E4B204 /* Build configuration list for PBXNativeTarget "prototypeUITests" */ = {
			isa = XCConfigurationList;
			buildConfigurations = (
				EB54C3DB1DE9516600E4B204 /* Debug */,
				EB54C3DC1DE9516600E4B204 /* Release */,
			);
			defaultConfigurationIsVisible = 0;
			defaultConfigurationName = Release;
		};
/* End XCConfigurationList section */
	};
	rootObject = EB54C3A41DE9516600E4B204 /* Project object */;
}
